
Microsoft Visual Studio Solution File, Format Version 12.00
# Visual Studio Version 17
VisualStudioVersion = 17.5.002.0
MinimumVisualStudioVersion = 10.0.40219.1
Project("{9A19103F-16F7-4668-BE54-9A1E7A4F7556}") = "DotNet_Demo", "DotNet_Demo.csproj", "{57781DB8-7945-4F7C-BE63-6AD56352D228}"
EndProject
Global
	GlobalSection(SolutionConfigurationPlatforms) = preSolution
		Debug|Any CPU = Debug|Any CPU
		Release|Any CPU = Release|Any CPU
	EndGlobalSection
	GlobalSection(ProjectConfigurationPlatforms) = postSolution
		{57781DB8-7945-4F7C-BE63-6AD56352D228}.Debug|Any CPU.ActiveCfg = Debug|Any CPU
		{57781DB8-7945-4F7C-BE63-6AD56352D228}.Debug|Any CPU.Build.0 = Debug|Any CPU
		{57781DB8-7945-4F7C-BE63-6AD56352D228}.Release|Any CPU.ActiveCfg = Release|Any CPU
		{57781DB8-7945-4F7C-BE63-6AD56352D228}.Release|Any CPU.Build.0 = Release|Any CPU
	EndGlobalSection
	GlobalSection(SolutionProperties) = preSolution
		HideSolutionNode = FALSE
	EndGlobalSection
	GlobalSection(ExtensibilityGlobals) = postSolution
		SolutionGuid = {D632C228-FA85-4CAA-A74B-0F879D6B2A64}
	EndGlobalSection
EndGlobal
